
Microsoft Visual Studio Solution File, Format Version 12.00
# Visual Studio Version 16
VisualStudioVersion = 16.0.29519.87
MinimumVisualStudioVersion = 10.0.40219.1
Project("{9A19103F-16F7-4668-BE54-9A1E7A4F7556}") = "DevelopmentUtils", "DevelopmentUtils\DevelopmentUtils.csproj", "{0E8345FD-F267-43D3-BF79-4B63F0ECBF7A}"
EndProject
Project("{9A19103F-16F7-4668-BE54-9A1E7A4F7556}") = "CodeicusUtils", "CodeicusUtils\CodeicusUtils.csproj", "{DE6CF317-3EED-402D-941E-0196AAC12A36}"
EndProject
Project("{FAE04EC0-301F-11D3-BF4B-00C04F79EFBC}") = "WorkUtils", "WorkUtils\WorkUtils.csproj", "{E7719A2C-B691-41A8-9D52-F6E7C1DFE0B8}"
EndProject
Global
	GlobalSection(SolutionConfigurationPlatforms) = preSolution
		Debug|Any CPU = Debug|Any CPU
		Release|Any CPU = Release|Any CPU
	EndGlobalSection
	GlobalSection(ProjectConfigurationPlatforms) = postSolution
		{0E8345FD-F267-43D3-BF79-4B63F0ECBF7A}.Debug|Any CPU.ActiveCfg = Debug|Any CPU
		{0E8345FD-F267-43D3-BF79-4B63F0ECBF7A}.Debug|Any CPU.Build.0 = Debug|Any CPU
		{0E8345FD-F267-43D3-BF79-4B63F0ECBF7A}.Release|Any CPU.ActiveCfg = Release|Any CPU
		{0E8345FD-F267-43D3-BF79-4B63F0ECBF7A}.Release|Any CPU.Build.0 = Release|Any CPU
		{DE6CF317-3EED-402D-941E-0196AAC12A36}.Debug|Any CPU.ActiveCfg = Debug|Any CPU
		{DE6CF317-3EED-402D-941E-0196AAC12A36}.Debug|Any CPU.Build.0 = Debug|Any CPU
		{DE6CF317-3EED-402D-941E-0196AAC12A36}.Release|Any CPU.ActiveCfg = Release|Any CPU
		{DE6CF317-3EED-402D-941E-0196AAC12A36}.Release|Any CPU.Build.0 = Release|Any CPU
		{E7719A2C-B691-41A8-9D52-F6E7C1DFE0B8}.Debug|Any CPU.ActiveCfg = Debug|Any CPU
		{E7719A2C-B691-41A8-9D52-F6E7C1DFE0B8}.Debug|Any CPU.Build.0 = Debug|Any CPU
		{E7719A2C-B691-41A8-9D52-F6E7C1DFE0B8}.Release|Any CPU.ActiveCfg = Release|Any CPU
		{E7719A2C-B691-41A8-9D52-F6E7C1DFE0B8}.Release|Any CPU.Build.0 = Release|Any CPU
	EndGlobalSection
	GlobalSection(SolutionProperties) = preSolution
		HideSolutionNode = FALSE
	EndGlobalSection
	GlobalSection(ExtensibilityGlobals) = postSolution
		SolutionGuid = {2A8C8A51-D81B-4A29-9D95-0F1F7697660B}
	EndGlobalSection
EndGlobal
